
Microsoft Visual Studio Solution File, Format Version 12.00
# Visual Studio Version 16
VisualStudioVersion = 16.0.30320.27
MinimumVisualStudioVersion = 15.0.26124.0
Project("{2150E333-8FDC-42A3-9474-1A3956D46DE8}") = "test", "test", "{59C77689-6510-4C25-95BE-8FF9039201B2}"
EndProject
Project("{9A19103F-16F7-4668-BE54-9A1E7A4F7556}") = "WordServiceExistenceProcessor.Tests", "test\WordServiceExistenceProcessor.Tests\WordServiceExistenceProcessor.Tests.csproj", "{21091291-5802-4AA2-AD40-32F7F5D74E24}"
EndProject
Project("{9A19103F-16F7-4668-BE54-9A1E7A4F7556}") = "WordServiceExistenceProcessor", "src\WordServiceExistenceProcessor\WordServiceExistenceProcessor.csproj", "{E438F0C8-6C61-494A-B123-98613FF8684B}"
EndProject
Project("{2150E333-8FDC-42A3-9474-1A3956D46DE8}") = "src", "src", "{729D4B29-EAC0-4F71-85A6-D967199342D6}"
EndProject
Global
	GlobalSection(SolutionConfigurationPlatforms) = preSolution
		Debug|Any CPU = Debug|Any CPU
		Debug|x64 = Debug|x64
		Debug|x86 = Debug|x86
		Release|Any CPU = Release|Any CPU
		Release|x64 = Release|x64
		Release|x86 = Release|x86
	EndGlobalSection
	GlobalSection(ProjectConfigurationPlatforms) = postSolution
		{21091291-5802-4AA2-AD40-32F7F5D74E24}.Debug|Any CPU.ActiveCfg = Debug|Any CPU
		{21091291-5802-4AA2-AD40-32F7F5D74E24}.Debug|Any CPU.Build.0 = Debug|Any CPU
		{21091291-5802-4AA2-AD40-32F7F5D74E24}.Debug|x64.ActiveCfg = Debug|Any CPU
		{21091291-5802-4AA2-AD40-32F7F5D74E24}.Debug|x64.Build.0 = Debug|Any CPU
		{21091291-5802-4AA2-AD40-32F7F5D74E24}.Debug|x86.ActiveCfg = Debug|Any CPU
		{21091291-5802-4AA2-AD40-32F7F5D74E24}.Debug|x86.Build.0 = Debug|Any CPU
		{21091291-5802-4AA2-AD40-32F7F5D74E24}.Release|Any CPU.ActiveCfg = Release|Any CPU
		{21091291-5802-4AA2-AD40-32F7F5D74E24}.Release|Any CPU.Build.0 = Release|Any CPU
		{21091291-5802-4AA2-AD40-32F7F5D74E24}.Release|x64.ActiveCfg = Release|Any CPU
		{21091291-5802-4AA2-AD40-32F7F5D74E24}.Release|x64.Build.0 = Release|Any CPU
		{21091291-5802-4AA2-AD40-32F7F5D74E24}.Release|x86.ActiveCfg = Release|Any CPU
		{21091291-5802-4AA2-AD40-32F7F5D74E24}.Release|x86.Build.0 = Release|Any CPU
		{E438F0C8-6C61-494A-B123-98613FF8684B}.Debug|Any CPU.ActiveCfg = Debug|Any CPU
		{E438F0C8-6C61-494A-B123-98613FF8684B}.Debug|Any CPU.Build.0 = Debug|Any CPU
		{E438F0C8-6C61-494A-B123-98613FF8684B}.Debug|x64.ActiveCfg = Debug|Any CPU
		{E438F0C8-6C61-494A-B123-98613FF8684B}.Debug|x64.Build.0 = Debug|Any CPU
		{E438F0C8-6C61-494A-B123-98613FF8684B}.Debug|x86.ActiveCfg = Debug|Any CPU
		{E438F0C8-6C61-494A-B123-98613FF8684B}.Debug|x86.Build.0 = Debug|Any CPU
		{E438F0C8-6C61-494A-B123-98613FF8684B}.Release|Any CPU.ActiveCfg = Release|Any CPU
		{E438F0C8-6C61-494A-B123-98613FF8684B}.Release|Any CPU.Build.0 = Release|Any CPU
		{E438F0C8-6C61-494A-B123-98613FF8684B}.Release|x64.ActiveCfg = Release|Any CPU
		{E438F0C8-6C61-494A-B123-98613FF8684B}.Release|x64.Build.0 = Release|Any CPU
		{E438F0C8-6C61-494A-B123-98613FF8684B}.Release|x86.ActiveCfg = Release|Any CPU
		{E438F0C8-6C61-494A-B123-98613FF8684B}.Release|x86.Build.0 = Release|Any CPU
	EndGlobalSection
	GlobalSection(SolutionProperties) = preSolution
		HideSolutionNode = FALSE
	EndGlobalSection
	GlobalSection(NestedProjects) = preSolution
		{21091291-5802-4AA2-AD40-32F7F5D74E24} = {59C77689-6510-4C25-95BE-8FF9039201B2}
		{E438F0C8-6C61-494A-B123-98613FF8684B} = {729D4B29-EAC0-4F71-85A6-D967199342D6}
	EndGlobalSection
	GlobalSection(ExtensibilityGlobals) = postSolution
		SolutionGuid = {69491F37-4FC4-4D35-BE79-84DE46FEC9EC}
	EndGlobalSection
EndGlobal
